
Microsoft Visual Studio Solution File, Format Version 12.00
# Visual Studio 2013
VisualStudioVersion = 12.0.21005.1
MinimumVisualStudioVersion = 10.0.40219.1
Project("{FAE04EC0-301F-11D3-BF4B-00C04F79EFBC}") = "00NumbersFromOneToN", "00NumbersFromOneToN\00NumbersFromOneToN.csproj", "{A2E8B1C1-87A9-4FF3-AB0F-CCF84E27560B}"
EndProject
Project("{FAE04EC0-301F-11D3-BF4B-00C04F79EFBC}") = "01NumbersNotDivisible", "01NumbersNotDivisible\01NumbersNotDivisible.csproj", "{F2F5FA3D-6279-40FB-BA0A-AC8B26F36447}"
EndProject
Project("{FAE04EC0-301F-11D3-BF4B-00C04F79EFBC}") = "02MinMaxSum", "02MinMaxSum\02MinMaxSum.csproj", "{7C29F933-6C10-4227-8974-47594EA920B6}"
EndProject
Project("{FAE04EC0-301F-11D3-BF4B-00C04F79EFBC}") = "03DeckOfCards", "03DeckOfCards\03DeckOfCards.csproj", "{D2B5C37C-BA75-46E2-8246-DABA5EA61809}"
EndProject
Project("{FAE04EC0-301F-11D3-BF4B-00C04F79EFBC}") = "04Calculate", "04Calculate\04Calculate.csproj", "{CBA93DA1-B33C-4187-9340-7ABFA765E6F2}"
EndProject
Project("{FAE04EC0-301F-11D3-BF4B-00C04F79EFBC}") = "05CalculateNK", "05CalculateNK\05CalculateNK.csproj", "{DC48EA59-A108-42CA-9CE4-EC84261E3EBD}"
EndProject
Project("{FAE04EC0-301F-11D3-BF4B-00C04F79EFBC}") = "06CalculateN!", "06CalculateN!\06CalculateN!.csproj", "{A87F2C27-A251-4759-86D2-6D3D3E848381}"
EndProject
Project("{FAE04EC0-301F-11D3-BF4B-00C04F79EFBC}") = "07CatalanNumbers", "07CatalanNumbers\07CatalanNumbers.csproj", "{D5CF882D-2D8C-4B80-98E5-E5B539DE4AD5}"
EndProject
Project("{FAE04EC0-301F-11D3-BF4B-00C04F79EFBC}") = "08MatrixOfNumbers", "08MatrixOfNumbers\08MatrixOfNumbers.csproj", "{A4DA4122-0855-4A7A-A58E-DE6A0F9914F6}"
EndProject
Project("{FAE04EC0-301F-11D3-BF4B-00C04F79EFBC}") = "09OddAndEvenProduct", "09OddAndEvenProduct\09OddAndEvenProduct.csproj", "{64EAA8F5-F3BC-4088-B6AF-2ED3D994FD84}"
EndProject
Project("{FAE04EC0-301F-11D3-BF4B-00C04F79EFBC}") = "10RandomNumbers", "10RandomNumbers\10RandomNumbers.csproj", "{D072720D-0F04-439B-BD6C-6A4DD9148EBA}"
EndProject
Project("{FAE04EC0-301F-11D3-BF4B-00C04F79EFBC}") = "11RandomizeNumbersFromOne", "11RandomizeNumbersFromOne\11RandomizeNumbersFromOne.csproj", "{D3B459C8-E227-412D-8E78-6F30CF0D8656}"
EndProject
Project("{FAE04EC0-301F-11D3-BF4B-00C04F79EFBC}") = "12BinaryToDecimal", "12BinaryToDecimal\12BinaryToDecimal.csproj", "{1E4CF09D-6F24-4C36-A9B2-71B522081CDA}"
EndProject
Project("{FAE04EC0-301F-11D3-BF4B-00C04F79EFBC}") = "13DecimalToBinary", "13DecimalToBinary\13DecimalToBinary.csproj", "{0366CF16-3F05-4A3F-8559-CD5A770E2CF3}"
EndProject
Project("{FAE04EC0-301F-11D3-BF4B-00C04F79EFBC}") = "14HexadecimalToDecimal", "14HexadecimalToDecimal\14HexadecimalToDecimal.csproj", "{7B96C5F6-26FB-4D0A-9E3C-F513E5206D50}"
EndProject
Project("{FAE04EC0-301F-11D3-BF4B-00C04F79EFBC}") = "15DecimalToHexadecimal", "15DecimalToHexadecimal\15DecimalToHexadecimal.csproj", "{50E26BDC-7182-4FDA-B2C8-C262283CD7FF}"
EndProject
Global
	GlobalSection(SolutionConfigurationPlatforms) = preSolution
		Debug|Any CPU = Debug|Any CPU
		Release|Any CPU = Release|Any CPU
	EndGlobalSection
	GlobalSection(ProjectConfigurationPlatforms) = postSolution
		{A2E8B1C1-87A9-4FF3-AB0F-CCF84E27560B}.Debug|Any CPU.ActiveCfg = Debug|Any CPU
		{A2E8B1C1-87A9-4FF3-AB0F-CCF84E27560B}.Debug|Any CPU.Build.0 = Debug|Any CPU
		{A2E8B1C1-87A9-4FF3-AB0F-CCF84E27560B}.Release|Any CPU.ActiveCfg = Release|Any CPU
		{A2E8B1C1-87A9-4FF3-AB0F-CCF84E27560B}.Release|Any CPU.Build.0 = Release|Any CPU
		{F2F5FA3D-6279-40FB-BA0A-AC8B26F36447}.Debug|Any CPU.ActiveCfg = Debug|Any CPU
		{F2F5FA3D-6279-40FB-BA0A-AC8B26F36447}.Debug|Any CPU.Build.0 = Debug|Any CPU
		{F2F5FA3D-6279-40FB-BA0A-AC8B26F36447}.Release|Any CPU.ActiveCfg = Release|Any CPU
		{F2F5FA3D-6279-40FB-BA0A-AC8B26F36447}.Release|Any CPU.Build.0 = Release|Any CPU
		{7C29F933-6C10-4227-8974-47594EA920B6}.Debug|Any CPU.ActiveCfg = Debug|Any CPU
		{7C29F933-6C10-4227-8974-47594EA920B6}.Debug|Any CPU.Build.0 = Debug|Any CPU
		{7C29F933-6C10-4227-8974-47594EA920B6}.Release|Any CPU.ActiveCfg = Release|Any CPU
		{7C29F933-6C10-4227-8974-47594EA920B6}.Release|Any CPU.Build.0 = Release|Any CPU
		{D2B5C37C-BA75-46E2-8246-DABA5EA61809}.Debug|Any CPU.ActiveCfg = Debug|Any CPU
		{D2B5C37C-BA75-46E2-8246-DABA5EA61809}.Debug|Any CPU.Build.0 = Debug|Any CPU
		{D2B5C37C-BA75-46E2-8246-DABA5EA61809}.Release|Any CPU.ActiveCfg = Release|Any CPU
		{D2B5C37C-BA75-46E2-8246-DABA5EA61809}.Release|Any CPU.Build.0 = Release|Any CPU
		{CBA93DA1-B33C-4187-9340-7ABFA765E6F2}.Debug|Any CPU.ActiveCfg = Debug|Any CPU
		{CBA93DA1-B33C-4187-9340-7ABFA765E6F2}.Debug|Any CPU.Build.0 = Debug|Any CPU
		{CBA93DA1-B33C-4187-9340-7ABFA765E6F2}.Release|Any CPU.ActiveCfg = Release|Any CPU
		{CBA93DA1-B33C-4187-9340-7ABFA765E6F2}.Release|Any CPU.Build.0 = Release|Any CPU
		{DC48EA59-A108-42CA-9CE4-EC84261E3EBD}.Debug|Any CPU.ActiveCfg = Debug|Any CPU
		{DC48EA59-A108-42CA-9CE4-EC84261E3EBD}.Debug|Any CPU.Build.0 = Debug|Any CPU
		{DC48EA59-A108-42CA-9CE4-EC84261E3EBD}.Release|Any CPU.ActiveCfg = Release|Any CPU
		{DC48EA59-A108-42CA-9CE4-EC84261E3EBD}.Release|Any CPU.Build.0 = Release|Any CPU
		{A87F2C27-A251-4759-86D2-6D3D3E848381}.Debug|Any CPU.ActiveCfg = Debug|Any CPU
		{A87F2C27-A251-4759-86D2-6D3D3E848381}.Debug|Any CPU.Build.0 = Debug|Any CPU
		{A87F2C27-A251-4759-86D2-6D3D3E848381}.Release|Any CPU.ActiveCfg = Release|Any CPU
		{A87F2C27-A251-4759-86D2-6D3D3E848381}.Release|Any CPU.Build.0 = Release|Any CPU
		{D5CF882D-2D8C-4B80-98E5-E5B539DE4AD5}.Debug|Any CPU.ActiveCfg = Debug|Any CPU
		{D5CF882D-2D8C-4B80-98E5-E5B539DE4AD5}.Debug|Any CPU.Build.0 = Debug|Any CPU
		{D5CF882D-2D8C-4B80-98E5-E5B539DE4AD5}.Release|Any CPU.ActiveCfg = Release|Any CPU
		{D5CF882D-2D8C-4B80-98E5-E5B539DE4AD5}.Release|Any CPU.Build.0 = Release|Any CPU
		{A4DA4122-0855-4A7A-A58E-DE6A0F9914F6}.Debug|Any CPU.ActiveCfg = Debug|Any CPU
		{A4DA4122-0855-4A7A-A58E-DE6A0F9914F6}.Debug|Any CPU.Build.0 = Debug|Any CPU
		{A4DA4122-0855-4A7A-A58E-DE6A0F9914F6}.Release|Any CPU.ActiveCfg = Release|Any CPU
		{A4DA4122-0855-4A7A-A58E-DE6A0F9914F6}.Release|Any CPU.Build.0 = Release|Any CPU
		{64EAA8F5-F3BC-4088-B6AF-2ED3D994FD84}.Debug|Any CPU.ActiveCfg = Debug|Any CPU
		{64EAA8F5-F3BC-4088-B6AF-2ED3D994FD84}.Debug|Any CPU.Build.0 = Debug|Any CPU
		{64EAA8F5-F3BC-4088-B6AF-2ED3D994FD84}.Release|Any CPU.ActiveCfg = Release|Any CPU
		{64EAA8F5-F3BC-4088-B6AF-2ED3D994FD84}.Release|Any CPU.Build.0 = Release|Any CPU
		{D072720D-0F04-439B-BD6C-6A4DD9148EBA}.Debug|Any CPU.ActiveCfg = Debug|Any CPU
		{D072720D-0F04-439B-BD6C-6A4DD9148EBA}.Debug|Any CPU.Build.0 = Debug|Any CPU
		{D072720D-0F04-439B-BD6C-6A4DD9148EBA}.Release|Any CPU.ActiveCfg = Release|Any CPU
		{D072720D-0F04-439B-BD6C-6A4DD9148EBA}.Release|Any CPU.Build.0 = Release|Any CPU
		{D3B459C8-E227-412D-8E78-6F30CF0D8656}.Debug|Any CPU.ActiveCfg = Debug|Any CPU
		{D3B459C8-E227-412D-8E78-6F30CF0D8656}.Debug|Any CPU.Build.0 = Debug|Any CPU
		{D3B459C8-E227-412D-8E78-6F30CF0D8656}.Release|Any CPU.ActiveCfg = Release|Any CPU
		{D3B459C8-E227-412D-8E78-6F30CF0D8656}.Release|Any CPU.Build.0 = Release|Any CPU
		{1E4CF09D-6F24-4C36-A9B2-71B522081CDA}.Debug|Any CPU.ActiveCfg = Debug|Any CPU
		{1E4CF09D-6F24-4C36-A9B2-71B522081CDA}.Debug|Any CPU.Build.0 = Debug|Any CPU
		{1E4CF09D-6F24-4C36-A9B2-71B522081CDA}.Release|Any CPU.ActiveCfg = Release|Any CPU
		{1E4CF09D-6F24-4C36-A9B2-71B522081CDA}.Release|Any CPU.Build.0 = Release|Any CPU
		{0366CF16-3F05-4A3F-8559-CD5A770E2CF3}.Debug|Any CPU.ActiveCfg = Debug|Any CPU
		{0366CF16-3F05-4A3F-8559-CD5A770E2CF3}.Debug|Any CPU.Build.0 = Debug|Any CPU
		{0366CF16-3F05-4A3F-8559-CD5A770E2CF3}.Release|Any CPU.ActiveCfg = Release|Any CPU
		{0366CF16-3F05-4A3F-8559-CD5A770E2CF3}.Release|Any CPU.Build.0 = Release|Any CPU
		{7B96C5F6-26FB-4D0A-9E3C-F513E5206D50}.Debug|Any CPU.ActiveCfg = Debug|Any CPU
		{7B96C5F6-26FB-4D0A-9E3C-F513E5206D50}.Debug|Any CPU.Build.0 = Debug|Any CPU
		{7B96C5F6-26FB-4D0A-9E3C-F513E5206D50}.Release|Any CPU.ActiveCfg = Release|Any CPU
		{7B96C5F6-26FB-4D0A-9E3C-F513E5206D50}.Release|Any CPU.Build.0 = Release|Any CPU
		{50E26BDC-7182-4FDA-B2C8-C262283CD7FF}.Debug|Any CPU.ActiveCfg = Debug|Any CPU
		{50E26BDC-7182-4FDA-B2C8-C262283CD7FF}.Debug|Any CPU.Build.0 = Debug|Any CPU
		{50E26BDC-7182-4FDA-B2C8-C262283CD7FF}.Release|Any CPU.ActiveCfg = Release|Any CPU
		{50E26BDC-7182-4FDA-B2C8-C262283CD7FF}.Release|Any CPU.Build.0 = Release|Any CPU
	EndGlobalSection
	GlobalSection(SolutionProperties) = preSolution
		HideSolutionNode = FALSE
	EndGlobalSection
EndGlobal
